
Microsoft Visual Studio Solution File, Format Version 12.00
# Visual Studio Version 17
VisualStudioVersion = 17.5.33530.505
MinimumVisualStudioVersion = 10.0.40219.1
Project("{FAE04EC0-301F-11D3-BF4B-00C04F79EFBC}") = "registrationTask", "registrationTask\registrationTask.csproj", "{722A503E-B7FB-42B3-A857-5361538EE413}"
EndProject
Global
	GlobalSection(SolutionConfigurationPlatforms) = preSolution
		Debug|Any CPU = Debug|Any CPU
		Release|Any CPU = Release|Any CPU
	EndGlobalSection
	GlobalSection(ProjectConfigurationPlatforms) = postSolution
		{722A503E-B7FB-42B3-A857-5361538EE413}.Debug|Any CPU.ActiveCfg = Debug|Any CPU
		{722A503E-B7FB-42B3-A857-5361538EE413}.Debug|Any CPU.Build.0 = Debug|Any CPU
		{722A503E-B7FB-42B3-A857-5361538EE413}.Release|Any CPU.ActiveCfg = Release|Any CPU
		{722A503E-B7FB-42B3-A857-5361538EE413}.Release|Any CPU.Build.0 = Release|Any CPU
	EndGlobalSection
	GlobalSection(SolutionProperties) = preSolution
		HideSolutionNode = FALSE
	EndGlobalSection
	GlobalSection(ExtensibilityGlobals) = postSolution
		SolutionGuid = {7147F15D-E254-4C0D-B0DE-26BD2F8D6900}
	EndGlobalSection
EndGlobal
